
Microsoft Visual Studio Solution File, Format Version 12.00
# Visual Studio Version 16
VisualStudioVersion = 16.0.28803.452
MinimumVisualStudioVersion = 10.0.40219.1
Project("{2150E333-8FDC-42A3-9474-1A3956D46DE8}") = "Order", "Order", "{AAA781B0-88F1-42CA-B2DF-1E63857CAB41}"
EndProject
Project("{9A19103F-16F7-4668-BE54-9A1E7A4F7556}") = "Ordering.API", "Ordering.API\Ordering.API.csproj", "{EC677780-89D3-4B0C-A9D2-DDAC053B786E}"
EndProject
Project("{9A19103F-16F7-4668-BE54-9A1E7A4F7556}") = "Ordering.Domain", "Ordering.Domain\Ordering.Domain.csproj", "{764D8BEF-AC50-485A-ABC0-71499B9DC550}"
EndProject
Project("{9A19103F-16F7-4668-BE54-9A1E7A4F7556}") = "Ordering.Infrastructure", "Ordering.Infrastructure\Ordering.Infrastructure.csproj", "{C85EA631-D56A-4FC7-A44F-B5DF5FC5C16B}"
EndProject
Project("{2150E333-8FDC-42A3-9474-1A3956D46DE8}") = "Common", "Common", "{878C5B21-1138-4EEF-AE3E-51F58450D859}"
EndProject
Project("{9A19103F-16F7-4668-BE54-9A1E7A4F7556}") = "Common.Domain", "Common.Domain\Common.Domain.csproj", "{BA3BB3CA-CDFD-46F1-9FD7-BEDD649A6D84}"
EndProject
Global
	GlobalSection(SolutionConfigurationPlatforms) = preSolution
		Debug|Any CPU = Debug|Any CPU
		Release|Any CPU = Release|Any CPU
	EndGlobalSection
	GlobalSection(ProjectConfigurationPlatforms) = postSolution
		{EC677780-89D3-4B0C-A9D2-DDAC053B786E}.Debug|Any CPU.ActiveCfg = Debug|Any CPU
		{EC677780-89D3-4B0C-A9D2-DDAC053B786E}.Debug|Any CPU.Build.0 = Debug|Any CPU
		{EC677780-89D3-4B0C-A9D2-DDAC053B786E}.Release|Any CPU.ActiveCfg = Release|Any CPU
		{EC677780-89D3-4B0C-A9D2-DDAC053B786E}.Release|Any CPU.Build.0 = Release|Any CPU
		{764D8BEF-AC50-485A-ABC0-71499B9DC550}.Debug|Any CPU.ActiveCfg = Debug|Any CPU
		{764D8BEF-AC50-485A-ABC0-71499B9DC550}.Debug|Any CPU.Build.0 = Debug|Any CPU
		{764D8BEF-AC50-485A-ABC0-71499B9DC550}.Release|Any CPU.ActiveCfg = Release|Any CPU
		{764D8BEF-AC50-485A-ABC0-71499B9DC550}.Release|Any CPU.Build.0 = Release|Any CPU
		{C85EA631-D56A-4FC7-A44F-B5DF5FC5C16B}.Debug|Any CPU.ActiveCfg = Debug|Any CPU
		{C85EA631-D56A-4FC7-A44F-B5DF5FC5C16B}.Debug|Any CPU.Build.0 = Debug|Any CPU
		{C85EA631-D56A-4FC7-A44F-B5DF5FC5C16B}.Release|Any CPU.ActiveCfg = Release|Any CPU
		{C85EA631-D56A-4FC7-A44F-B5DF5FC5C16B}.Release|Any CPU.Build.0 = Release|Any CPU
		{BA3BB3CA-CDFD-46F1-9FD7-BEDD649A6D84}.Debug|Any CPU.ActiveCfg = Debug|Any CPU
		{BA3BB3CA-CDFD-46F1-9FD7-BEDD649A6D84}.Debug|Any CPU.Build.0 = Debug|Any CPU
		{BA3BB3CA-CDFD-46F1-9FD7-BEDD649A6D84}.Release|Any CPU.ActiveCfg = Release|Any CPU
		{BA3BB3CA-CDFD-46F1-9FD7-BEDD649A6D84}.Release|Any CPU.Build.0 = Release|Any CPU
	EndGlobalSection
	GlobalSection(SolutionProperties) = preSolution
		HideSolutionNode = FALSE
	EndGlobalSection
	GlobalSection(NestedProjects) = preSolution
		{EC677780-89D3-4B0C-A9D2-DDAC053B786E} = {AAA781B0-88F1-42CA-B2DF-1E63857CAB41}
		{764D8BEF-AC50-485A-ABC0-71499B9DC550} = {AAA781B0-88F1-42CA-B2DF-1E63857CAB41}
		{C85EA631-D56A-4FC7-A44F-B5DF5FC5C16B} = {AAA781B0-88F1-42CA-B2DF-1E63857CAB41}
		{BA3BB3CA-CDFD-46F1-9FD7-BEDD649A6D84} = {878C5B21-1138-4EEF-AE3E-51F58450D859}
	EndGlobalSection
	GlobalSection(ExtensibilityGlobals) = postSolution
		SolutionGuid = {D637F9C9-CF52-435A-8E13-F0AD87150963}
	EndGlobalSection
EndGlobal
